
Microsoft Visual Studio Solution File, Format Version 12.00
# Visual Studio Version 17
VisualStudioVersion = 17.8.34525.116
MinimumVisualStudioVersion = 10.0.40219.1
Project("{FAE04EC0-301F-11D3-BF4B-00C04F79EFBC}") = "SampleAPIDeploy", "SampleAPIDeploy\SampleAPIDeploy.csproj", "{5564F1C9-7CF2-41F3-B9B0-86B6DCACAA0D}"
EndProject
Global
	GlobalSection(SolutionConfigurationPlatforms) = preSolution
		Debug|Any CPU = Debug|Any CPU
		Release|Any CPU = Release|Any CPU
	EndGlobalSection
	GlobalSection(ProjectConfigurationPlatforms) = postSolution
		{5564F1C9-7CF2-41F3-B9B0-86B6DCACAA0D}.Debug|Any CPU.ActiveCfg = Debug|Any CPU
		{5564F1C9-7CF2-41F3-B9B0-86B6DCACAA0D}.Debug|Any CPU.Build.0 = Debug|Any CPU
		{5564F1C9-7CF2-41F3-B9B0-86B6DCACAA0D}.Release|Any CPU.ActiveCfg = Release|Any CPU
		{5564F1C9-7CF2-41F3-B9B0-86B6DCACAA0D}.Release|Any CPU.Build.0 = Release|Any CPU
	EndGlobalSection
	GlobalSection(SolutionProperties) = preSolution
		HideSolutionNode = FALSE
	EndGlobalSection
	GlobalSection(ExtensibilityGlobals) = postSolution
		SolutionGuid = {FC06CB07-4CAD-4209-BA29-49E5721B4A17}
	EndGlobalSection
EndGlobal
